// !$*UTF8*$!
{
	archiveVersion = 1;
	classes = {
	};
	objectVersion = 51;
	objects = {

/* Begin PBXBuildFile section */
		00BBADF29BE5AA61100B20E2 /* Pods_Trile_TrileUITests.framework in Frameworks */ = {isa = PBXBuildFile; fileRef = 19949E97720383ACDD45D9CA /* Pods_Trile_TrileUITests.framework */; };
		1E7CA50D2D2EAA744DF1D809 /* Pods_TrileTests.framework in Frameworks */ = {isa = PBXBuildFile; fileRef = 15E8E7CB43957ED6FC4D061A /* Pods_TrileTests.framework */; };
		A511C1D823B5614900B9A771 /* AppDelegate.swift in Sources */ = {isa = PBXBuildFile; fileRef = A511C1D723B5614900B9A771 /* AppDelegate.swift */; };
		A511C1DA23B5614900B9A771 /* SceneDelegate.swift in Sources */ = {isa = PBXBuildFile; fileRef = A511C1D923B5614900B9A771 /* SceneDelegate.swift */; };
		A511C1DC23B5614900B9A771 /* MasterViewController.swift in Sources */ = {isa = PBXBuildFile; fileRef = A511C1DB23B5614900B9A771 /* MasterViewController.swift */; };
		A511C1DE23B5614900B9A771 /* DetailViewController.swift in Sources */ = {isa = PBXBuildFile; fileRef = A511C1DD23B5614900B9A771 /* DetailViewController.swift */; };
		A511C1E123B5614900B9A771 /* Main.storyboard in Resources */ = {isa = PBXBuildFile; fileRef = A511C1DF23B5614900B9A771 /* Main.storyboard */; };
		A511C1E323B5614E00B9A771 /* Assets.xcassets in Resources */ = {isa = PBXBuildFile; fileRef = A511C1E223B5614E00B9A771 /* Assets.xcassets */; };
		A511C1E623B5614E00B9A771 /* LaunchScreen.storyboard in Resources */ = {isa = PBXBuildFile; fileRef = A511C1E423B5614E00B9A771 /* LaunchScreen.storyboard */; };
		A511C1F123B5614E00B9A771 /* TrileTests.swift in Sources */ = {isa = PBXBuildFile; fileRef = A511C1F023B5614E00B9A771 /* TrileTests.swift */; };
		A511C1FC23B5614E00B9A771 /* TrileUITests.swift in Sources */ = {isa = PBXBuildFile; fileRef = A511C1FB23B5614E00B9A771 /* TrileUITests.swift */; };
		A511C20D23B564CE00B9A771 /* Client.swift in Sources */ = {isa = PBXBuildFile; fileRef = A511C20C23B564CE00B9A771 /* Client.swift */; };
		A5D6D8C523B64E1700F16E27 /* GoogleService-Info.plist in Resources */ = {isa = PBXBuildFile; fileRef = A5D6D8C423B64E1700F16E27 /* GoogleService-Info.plist */; };
		A5D6D8C623B64E1700F16E27 /* GoogleService-Info.plist in Resources */ = {isa = PBXBuildFile; fileRef = A5D6D8C423B64E1700F16E27 /* GoogleService-Info.plist */; };
		A5D6D8C723B64E1700F16E27 /* GoogleService-Info.plist in Resources */ = {isa = PBXBuildFile; fileRef = A5D6D8C423B64E1700F16E27 /* GoogleService-Info.plist */; };
		A5D6D8CD23B69F4E00F16E27 /* AccountCreationVC.swift in Sources */ = {isa = PBXBuildFile; fileRef = A5D6D8CC23B69F4E00F16E27 /* AccountCreationVC.swift */; };
		A5D6D8CF23B8005F00F16E27 /* FirebaseAuthManager.swift in Sources */ = {isa = PBXBuildFile; fileRef = A5D6D8CE23B8005F00F16E27 /* FirebaseAuthManager.swift */; };
		F0F3EDF63735ADDB0559F603 /* Pods_Trile.framework in Frameworks */ = {isa = PBXBuildFile; fileRef = 02DB2CFEB2FE8752AF088CE0 /* Pods_Trile.framework */; };
/* End PBXBuildFile section */

/* Begin PBXContainerItemProxy section */
		A511C1ED23B5614E00B9A771 /* PBXContainerItemProxy */ = {
			isa = PBXContainerItemProxy;
			containerPortal = A511C1CC23B5614900B9A771 /* Project object */;
			proxyType = 1;
			remoteGlobalIDString = A511C1D323B5614900B9A771;
			remoteInfo = Trile;
		};
		A511C1F823B5614E00B9A771 /* PBXContainerItemProxy */ = {
			isa = PBXContainerItemProxy;
			containerPortal = A511C1CC23B5614900B9A771 /* Project object */;
			proxyType = 1;
			remoteGlobalIDString = A511C1D323B5614900B9A771;
			remoteInfo = Trile;
		};
/* End PBXContainerItemProxy section */

/* Begin PBXFileReference section */
		02DB2CFEB2FE8752AF088CE0 /* Pods_Trile.framework */ = {isa = PBXFileReference; explicitFileType = wrapper.framework; includeInIndex = 0; path = Pods_Trile.framework; sourceTree = BUILT_PRODUCTS_DIR; };
		05821E60F045E845C4009567 /* Pods-TrileTests.release.xcconfig */ = {isa = PBXFileReference; includeInIndex = 1; lastKnownFileType = text.xcconfig; name = "Pods-TrileTests.release.xcconfig"; path = "Target Support Files/Pods-TrileTests/Pods-TrileTests.release.xcconfig"; sourceTree = "<group>"; };
		15E8E7CB43957ED6FC4D061A /* Pods_TrileTests.framework */ = {isa = PBXFileReference; explicitFileType = wrapper.framework; includeInIndex = 0; path = Pods_TrileTests.framework; sourceTree = BUILT_PRODUCTS_DIR; };
		19949E97720383ACDD45D9CA /* Pods_Trile_TrileUITests.framework */ = {isa = PBXFileReference; explicitFileType = wrapper.framework; includeInIndex = 0; path = Pods_Trile_TrileUITests.framework; sourceTree = BUILT_PRODUCTS_DIR; };
		31A8FB3DE7473EF11030635F /* Pods-Trile.release.xcconfig */ = {isa = PBXFileReference; includeInIndex = 1; lastKnownFileType = text.xcconfig; name = "Pods-Trile.release.xcconfig"; path = "Target Support Files/Pods-Trile/Pods-Trile.release.xcconfig"; sourceTree = "<group>"; };
		6FD74C6245EC0055BC0D1877 /* Pods-Trile-TrileUITests.debug.xcconfig */ = {isa = PBXFileReference; includeInIndex = 1; lastKnownFileType = text.xcconfig; name = "Pods-Trile-TrileUITests.debug.xcconfig"; path = "Target Support Files/Pods-Trile-TrileUITests/Pods-Trile-TrileUITests.debug.xcconfig"; sourceTree = "<group>"; };
		76C1D35EF168B403F613D6CF /* Pods-Trile.debug.xcconfig */ = {isa = PBXFileReference; includeInIndex = 1; lastKnownFileType = text.xcconfig; name = "Pods-Trile.debug.xcconfig"; path = "Target Support Files/Pods-Trile/Pods-Trile.debug.xcconfig"; sourceTree = "<group>"; };
		96E0535439E313AC71298BED /* Pods-Trile-TrileUITests.release.xcconfig */ = {isa = PBXFileReference; includeInIndex = 1; lastKnownFileType = text.xcconfig; name = "Pods-Trile-TrileUITests.release.xcconfig"; path = "Target Support Files/Pods-Trile-TrileUITests/Pods-Trile-TrileUITests.release.xcconfig"; sourceTree = "<group>"; };
		A511C1D423B5614900B9A771 /* Trile.app */ = {isa = PBXFileReference; explicitFileType = wrapper.application; includeInIndex = 0; path = Trile.app; sourceTree = BUILT_PRODUCTS_DIR; };
		A511C1D723B5614900B9A771 /* AppDelegate.swift */ = {isa = PBXFileReference; lastKnownFileType = sourcecode.swift; path = AppDelegate.swift; sourceTree = "<group>"; };
		A511C1D923B5614900B9A771 /* SceneDelegate.swift */ = {isa = PBXFileReference; lastKnownFileType = sourcecode.swift; path = SceneDelegate.swift; sourceTree = "<group>"; };
		A511C1DB23B5614900B9A771 /* MasterViewController.swift */ = {isa = PBXFileReference; lastKnownFileType = sourcecode.swift; path = MasterViewController.swift; sourceTree = "<group>"; };
		A511C1DD23B5614900B9A771 /* DetailViewController.swift */ = {isa = PBXFileReference; lastKnownFileType = sourcecode.swift; path = DetailViewController.swift; sourceTree = "<group>"; };
		A511C1E023B5614900B9A771 /* Base */ = {isa = PBXFileReference; lastKnownFileType = file.storyboard; name = Base; path = Base.lproj/Main.storyboard; sourceTree = "<group>"; };
		A511C1E223B5614E00B9A771 /* Assets.xcassets */ = {isa = PBXFileReference; lastKnownFileType = folder.assetcatalog; path = Assets.xcassets; sourceTree = "<group>"; };
		A511C1E523B5614E00B9A771 /* Base */ = {isa = PBXFileReference; lastKnownFileType = file.storyboard; name = Base; path = Base.lproj/LaunchScreen.storyboard; sourceTree = "<group>"; };
		A511C1E723B5614E00B9A771 /* Info.plist */ = {isa = PBXFileReference; lastKnownFileType = text.plist.xml; path = Info.plist; sourceTree = "<group>"; };
		A511C1EC23B5614E00B9A771 /* TrileTests.xctest */ = {isa = PBXFileReference; explicitFileType = wrapper.cfbundle; includeInIndex = 0; path = TrileTests.xctest; sourceTree = BUILT_PRODUCTS_DIR; };
		A511C1F023B5614E00B9A771 /* TrileTests.swift */ = {isa = PBXFileReference; lastKnownFileType = sourcecode.swift; path = TrileTests.swift; sourceTree = "<group>"; };
		A511C1F223B5614E00B9A771 /* Info.plist */ = {isa = PBXFileReference; lastKnownFileType = text.plist.xml; path = Info.plist; sourceTree = "<group>"; };
		A511C1F723B5614E00B9A771 /* TrileUITests.xctest */ = {isa = PBXFileReference; explicitFileType = wrapper.cfbundle; includeInIndex = 0; path = TrileUITests.xctest; sourceTree = BUILT_PRODUCTS_DIR; };
		A511C1FB23B5614E00B9A771 /* TrileUITests.swift */ = {isa = PBXFileReference; lastKnownFileType = sourcecode.swift; path = TrileUITests.swift; sourceTree = "<group>"; };
		A511C1FD23B5614E00B9A771 /* Info.plist */ = {isa = PBXFileReference; lastKnownFileType = text.plist.xml; path = Info.plist; sourceTree = "<group>"; };
		A511C20C23B564CE00B9A771 /* Client.swift */ = {isa = PBXFileReference; lastKnownFileType = sourcecode.swift; path = Client.swift; sourceTree = "<group>"; };
		A5D6D8C423B64E1700F16E27 /* GoogleService-Info.plist */ = {isa = PBXFileReference; fileEncoding = 4; lastKnownFileType = text.plist.xml; path = "GoogleService-Info.plist"; sourceTree = "<group>"; };
		A5D6D8CC23B69F4E00F16E27 /* AccountCreationVC.swift */ = {isa = PBXFileReference; lastKnownFileType = sourcecode.swift; path = AccountCreationVC.swift; sourceTree = "<group>"; };
		A5D6D8CE23B8005F00F16E27 /* FirebaseAuthManager.swift */ = {isa = PBXFileReference; lastKnownFileType = sourcecode.swift; path = FirebaseAuthManager.swift; sourceTree = "<group>"; };
		BB59C60271A690FA7A90CA59 /* Pods-TrileTests.debug.xcconfig */ = {isa = PBXFileReference; includeInIndex = 1; lastKnownFileType = text.xcconfig; name = "Pods-TrileTests.debug.xcconfig"; path = "Target Support Files/Pods-TrileTests/Pods-TrileTests.debug.xcconfig"; sourceTree = "<group>"; };
/* End PBXFileReference section */

/* Begin PBXFrameworksBuildPhase section */
		A511C1D123B5614900B9A771 /* Frameworks */ = {
			isa = PBXFrameworksBuildPhase;
			buildActionMask = 2147483647;
			files = (
				F0F3EDF63735ADDB0559F603 /* Pods_Trile.framework in Frameworks */,
			);
			runOnlyForDeploymentPostprocessing = 0;
		};
		A511C1E923B5614E00B9A771 /* Frameworks */ = {
			isa = PBXFrameworksBuildPhase;
			buildActionMask = 2147483647;
			files = (
				1E7CA50D2D2EAA744DF1D809 /* Pods_TrileTests.framework in Frameworks */,
			);
			runOnlyForDeploymentPostprocessing = 0;
		};
		A511C1F423B5614E00B9A771 /* Frameworks */ = {
			isa = PBXFrameworksBuildPhase;
			buildActionMask = 2147483647;
			files = (
				00BBADF29BE5AA61100B20E2 /* Pods_Trile_TrileUITests.framework in Frameworks */,
			);
			runOnlyForDeploymentPostprocessing = 0;
		};
/* End PBXFrameworksBuildPhase section */

/* Begin PBXGroup section */
		2BC960F8B3F518A1AF5BDCD1 /* Pods */ = {
			isa = PBXGroup;
			children = (
				76C1D35EF168B403F613D6CF /* Pods-Trile.debug.xcconfig */,
				31A8FB3DE7473EF11030635F /* Pods-Trile.release.xcconfig */,
				6FD74C6245EC0055BC0D1877 /* Pods-Trile-TrileUITests.debug.xcconfig */,
				96E0535439E313AC71298BED /* Pods-Trile-TrileUITests.release.xcconfig */,
				BB59C60271A690FA7A90CA59 /* Pods-TrileTests.debug.xcconfig */,
				05821E60F045E845C4009567 /* Pods-TrileTests.release.xcconfig */,
			);
			path = Pods;
			sourceTree = "<group>";
		};
		A511C1CB23B5614900B9A771 = {
			isa = PBXGroup;
			children = (
				A511C1D623B5614900B9A771 /* Trile */,
				A511C1EF23B5614E00B9A771 /* TrileTests */,
				A511C1FA23B5614E00B9A771 /* TrileUITests */,
				A511C1D523B5614900B9A771 /* Products */,
				2BC960F8B3F518A1AF5BDCD1 /* Pods */,
				B8B123E9BE352C282B2F6C29 /* Frameworks */,
			);
			sourceTree = "<group>";
		};
		A511C1D523B5614900B9A771 /* Products */ = {
			isa = PBXGroup;
			children = (
				A511C1D423B5614900B9A771 /* Trile.app */,
				A511C1EC23B5614E00B9A771 /* TrileTests.xctest */,
				A511C1F723B5614E00B9A771 /* TrileUITests.xctest */,
			);
			name = Products;
			sourceTree = "<group>";
		};
		A511C1D623B5614900B9A771 /* Trile */ = {
			isa = PBXGroup;
			children = (
				A511C1D723B5614900B9A771 /* AppDelegate.swift */,
				A511C20A23B5619600B9A771 /* Data */,
				A511C20B23B561A500B9A771 /* View */,
				A511C20923B5618D00B9A771 /* Controller */,
				A511C1E223B5614E00B9A771 /* Assets.xcassets */,
				A511C1E723B5614E00B9A771 /* Info.plist */,
				A5D6D8C423B64E1700F16E27 /* GoogleService-Info.plist */,
			);
			path = Trile;
			sourceTree = "<group>";
		};
		A511C1EF23B5614E00B9A771 /* TrileTests */ = {
			isa = PBXGroup;
			children = (
				A511C1F023B5614E00B9A771 /* TrileTests.swift */,
				A511C1F223B5614E00B9A771 /* Info.plist */,
			);
			path = TrileTests;
			sourceTree = "<group>";
		};
		A511C1FA23B5614E00B9A771 /* TrileUITests */ = {
			isa = PBXGroup;
			children = (
				A511C1FB23B5614E00B9A771 /* TrileUITests.swift */,
				A511C1FD23B5614E00B9A771 /* Info.plist */,
			);
			path = TrileUITests;
			sourceTree = "<group>";
		};
		A511C20923B5618D00B9A771 /* Controller */ = {
			isa = PBXGroup;
			children = (
				A511C1D923B5614900B9A771 /* SceneDelegate.swift */,
				A511C1DB23B5614900B9A771 /* MasterViewController.swift */,
				A511C1DD23B5614900B9A771 /* DetailViewController.swift */,
				A5D6D8CC23B69F4E00F16E27 /* AccountCreationVC.swift */,
				A5D6D8CE23B8005F00F16E27 /* FirebaseAuthManager.swift */,
			);
			path = Controller;
			sourceTree = "<group>";
		};
		A511C20A23B5619600B9A771 /* Data */ = {
			isa = PBXGroup;
			children = (
				A511C20C23B564CE00B9A771 /* Client.swift */,
			);
			path = Data;
			sourceTree = "<group>";
		};
		A511C20B23B561A500B9A771 /* View */ = {
			isa = PBXGroup;
			children = (
				A511C1E423B5614E00B9A771 /* LaunchScreen.storyboard */,
				A511C1DF23B5614900B9A771 /* Main.storyboard */,
			);
			path = View;
			sourceTree = "<group>";
		};
		B8B123E9BE352C282B2F6C29 /* Frameworks */ = {
			isa = PBXGroup;
			children = (
				02DB2CFEB2FE8752AF088CE0 /* Pods_Trile.framework */,
				19949E97720383ACDD45D9CA /* Pods_Trile_TrileUITests.framework */,
				15E8E7CB43957ED6FC4D061A /* Pods_TrileTests.framework */,
			);
			name = Frameworks;
			sourceTree = "<group>";
		};
/* End PBXGroup section */

/* Begin PBXNativeTarget section */
		A511C1D323B5614900B9A771 /* Trile */ = {
			isa = PBXNativeTarget;
			buildConfigurationList = A511C20023B5614E00B9A771 /* Build configuration list for PBXNativeTarget "Trile" */;
			buildPhases = (
				092043877D27F4D6FB612FB3 /* [CP] Check Pods Manifest.lock */,
				A511C1D023B5614900B9A771 /* Sources */,
				A511C1D123B5614900B9A771 /* Frameworks */,
				A511C1D223B5614900B9A771 /* Resources */,
				8ECC4C31A8C301ACDC6998ED /* [CP] Embed Pods Frameworks */,
			);
			buildRules = (
			);
			dependencies = (
			);
			name = Trile;
			productName = Trile;
			productReference = A511C1D423B5614900B9A771 /* Trile.app */;
			productType = "com.apple.product-type.application";
		};
		A511C1EB23B5614E00B9A771 /* TrileTests */ = {
			isa = PBXNativeTarget;
			buildConfigurationList = A511C20323B5614E00B9A771 /* Build configuration list for PBXNativeTarget "TrileTests" */;
			buildPhases = (
				AD301DAB8BDCB62092D65C33 /* [CP] Check Pods Manifest.lock */,
				A511C1E823B5614E00B9A771 /* Sources */,
				A511C1E923B5614E00B9A771 /* Frameworks */,
				A511C1EA23B5614E00B9A771 /* Resources */,
			);
			buildRules = (
			);
			dependencies = (
				A511C1EE23B5614E00B9A771 /* PBXTargetDependency */,
			);
			name = TrileTests;
			productName = TrileTests;
			productReference = A511C1EC23B5614E00B9A771 /* TrileTests.xctest */;
			productType = "com.apple.product-type.bundle.unit-test";
		};
		A511C1F623B5614E00B9A771 /* TrileUITests */ = {
			isa = PBXNativeTarget;
			buildConfigurationList = A511C20623B5614E00B9A771 /* Build configuration list for PBXNativeTarget "TrileUITests" */;
			buildPhases = (
				D42F81F996BD9F15C8ABD442 /* [CP] Check Pods Manifest.lock */,
				A511C1F323B5614E00B9A771 /* Sources */,
				A511C1F423B5614E00B9A771 /* Frameworks */,
				A511C1F523B5614E00B9A771 /* Resources */,
				53202194FC3DF5EC4623A4B0 /* [CP] Embed Pods Frameworks */,
			);
			buildRules = (
			);
			dependencies = (
				A511C1F923B5614E00B9A771 /* PBXTargetDependency */,
			);
			name = TrileUITests;
			productName = TrileUITests;
			productReference = A511C1F723B5614E00B9A771 /* TrileUITests.xctest */;
			productType = "com.apple.product-type.bundle.ui-testing";
		};
/* End PBXNativeTarget section */

/* Begin PBXProject section */
		A511C1CC23B5614900B9A771 /* Project object */ = {
			isa = PBXProject;
			attributes = {
				LastSwiftUpdateCheck = 1130;
				LastUpgradeCheck = 1130;
				ORGANIZATIONNAME = Trile;
				TargetAttributes = {
					A511C1D323B5614900B9A771 = {
						CreatedOnToolsVersion = 11.3;
					};
					A511C1EB23B5614E00B9A771 = {
						CreatedOnToolsVersion = 11.3;
						TestTargetID = A511C1D323B5614900B9A771;
					};
					A511C1F623B5614E00B9A771 = {
						CreatedOnToolsVersion = 11.3;
						TestTargetID = A511C1D323B5614900B9A771;
					};
				};
			};
			buildConfigurationList = A511C1CF23B5614900B9A771 /* Build configuration list for PBXProject "Trile" */;
			compatibilityVersion = "Xcode 9.3";
			developmentRegion = en;
			hasScannedForEncodings = 0;
			knownRegions = (
				en,
				Base,
			);
			mainGroup = A511C1CB23B5614900B9A771;
			productRefGroup = A511C1D523B5614900B9A771 /* Products */;
			projectDirPath = "";
			projectRoot = "";
			targets = (
				A511C1D323B5614900B9A771 /* Trile */,
				A511C1EB23B5614E00B9A771 /* TrileTests */,
				A511C1F623B5614E00B9A771 /* TrileUITests */,
			);
		};
/* End PBXProject section */

/* Begin PBXResourcesBuildPhase section */
		A511C1D223B5614900B9A771 /* Resources */ = {
			isa = PBXResourcesBuildPhase;
			buildActionMask = 2147483647;
			files = (
				A511C1E623B5614E00B9A771 /* LaunchScreen.storyboard in Resources */,
				A5D6D8C523B64E1700F16E27 /* GoogleService-Info.plist in Resources */,
				A511C1E323B5614E00B9A771 /* Assets.xcassets in Resources */,
				A511C1E123B5614900B9A771 /* Main.storyboard in Resources */,
			);
			runOnlyForDeploymentPostprocessing = 0;
		};
		A511C1EA23B5614E00B9A771 /* Resources */ = {
			isa = PBXResourcesBuildPhase;
			buildActionMask = 2147483647;
			files = (
				A5D6D8C623B64E1700F16E27 /* GoogleService-Info.plist in Resources */,
			);
			runOnlyForDeploymentPostprocessing = 0;
		};
		A511C1F523B5614E00B9A771 /* Resources */ = {
			isa = PBXResourcesBuildPhase;
			buildActionMask = 2147483647;
			files = (
				A5D6D8C723B64E1700F16E27 /* GoogleService-Info.plist in Resources */,
			);
			runOnlyForDeploymentPostprocessing = 0;
		};
/* End PBXResourcesBuildPhase section */

/* Begin PBXShellScriptBuildPhase section */
		092043877D27F4D6FB612FB3 /* [CP] Check Pods Manifest.lock */ = {
			isa = PBXShellScriptBuildPhase;
			buildActionMask = 2147483647;
			files = (
			);
			inputFileListPaths = (
			);
			inputPaths = (
				"${PODS_PODFILE_DIR_PATH}/Podfile.lock",
				"${PODS_ROOT}/Manifest.lock",
			);
			name = "[CP] Check Pods Manifest.lock";
			outputFileListPaths = (
			);
			outputPaths = (
				"$(DERIVED_FILE_DIR)/Pods-Trile-checkManifestLockResult.txt",
			);
			runOnlyForDeploymentPostprocessing = 0;
			shellPath = /bin/sh;
			shellScript = "diff \"${PODS_PODFILE_DIR_PATH}/Podfile.lock\" \"${PODS_ROOT}/Manifest.lock\" > /dev/null\nif [ $? != 0 ] ; then\n    # print error to STDERR\n    echo \"error: The sandbox is not in sync with the Podfile.lock. Run 'pod install' or update your CocoaPods installation.\" >&2\n    exit 1\nfi\n# This output is used by Xcode 'outputs' to avoid re-running this script phase.\necho \"SUCCESS\" > \"${SCRIPT_OUTPUT_FILE_0}\"\n";
			showEnvVarsInLog = 0;
		};
		53202194FC3DF5EC4623A4B0 /* [CP] Embed Pods Frameworks */ = {
			isa = PBXShellScriptBuildPhase;
			buildActionMask = 2147483647;
			files = (
			);
			inputFileListPaths = (
				"${PODS_ROOT}/Target Support Files/Pods-Trile-TrileUITests/Pods-Trile-TrileUITests-frameworks-${CONFIGURATION}-input-files.xcfilelist",
			);
			name = "[CP] Embed Pods Frameworks";
			outputFileListPaths = (
				"${PODS_ROOT}/Target Support Files/Pods-Trile-TrileUITests/Pods-Trile-TrileUITests-frameworks-${CONFIGURATION}-output-files.xcfilelist",
			);
			runOnlyForDeploymentPostprocessing = 0;
			shellPath = /bin/sh;
			shellScript = "\"${PODS_ROOT}/Target Support Files/Pods-Trile-TrileUITests/Pods-Trile-TrileUITests-frameworks.sh\"\n";
			showEnvVarsInLog = 0;
		};
		8ECC4C31A8C301ACDC6998ED /* [CP] Embed Pods Frameworks */ = {
			isa = PBXShellScriptBuildPhase;
			buildActionMask = 2147483647;
			files = (
			);
			inputFileListPaths = (
				"${PODS_ROOT}/Target Support Files/Pods-Trile/Pods-Trile-frameworks-${CONFIGURATION}-input-files.xcfilelist",
			);
			name = "[CP] Embed Pods Frameworks";
			outputFileListPaths = (
				"${PODS_ROOT}/Target Support Files/Pods-Trile/Pods-Trile-frameworks-${CONFIGURATION}-output-files.xcfilelist",
			);
			runOnlyForDeploymentPostprocessing = 0;
			shellPath = /bin/sh;
			shellScript = "\"${PODS_ROOT}/Target Support Files/Pods-Trile/Pods-Trile-frameworks.sh\"\n";
			showEnvVarsInLog = 0;
		};
		AD301DAB8BDCB62092D65C33 /* [CP] Check Pods Manifest.lock */ = {
			isa = PBXShellScriptBuildPhase;
			buildActionMask = 2147483647;
			files = (
			);
			inputFileListPaths = (
			);
			inputPaths = (
				"${PODS_PODFILE_DIR_PATH}/Podfile.lock",
				"${PODS_ROOT}/Manifest.lock",
			);
			name = "[CP] Check Pods Manifest.lock";
			outputFileListPaths = (
			);
			outputPaths = (
				"$(DERIVED_FILE_DIR)/Pods-TrileTests-checkManifestLockResult.txt",
			);
			runOnlyForDeploymentPostprocessing = 0;
			shellPath = /bin/sh;
			shellScript = "diff \"${PODS_PODFILE_DIR_PATH}/Podfile.lock\" \"${PODS_ROOT}/Manifest.lock\" > /dev/null\nif [ $? != 0 ] ; then\n    # print error to STDERR\n    echo \"error: The sandbox is not in sync with the Podfile.lock. Run 'pod install' or update your CocoaPods installation.\" >&2\n    exit 1\nfi\n# This output is used by Xcode 'outputs' to avoid re-running this script phase.\necho \"SUCCESS\" > \"${SCRIPT_OUTPUT_FILE_0}\"\n";
			showEnvVarsInLog = 0;
		};
		D42F81F996BD9F15C8ABD442 /* [CP] Check Pods Manifest.lock */ = {
			isa = PBXShellScriptBuildPhase;
			buildActionMask = 2147483647;
			files = (
			);
			inputFileListPaths = (
			);
			inputPaths = (
				"${PODS_PODFILE_DIR_PATH}/Podfile.lock",
				"${PODS_ROOT}/Manifest.lock",
			);
			name = "[CP] Check Pods Manifest.lock";
			outputFileListPaths = (
			);
			outputPaths = (
				"$(DERIVED_FILE_DIR)/Pods-Trile-TrileUITests-checkManifestLockResult.txt",
			);
			runOnlyForDeploymentPostprocessing = 0;
			shellPath = /bin/sh;
			shellScript = "diff \"${PODS_PODFILE_DIR_PATH}/Podfile.lock\" \"${PODS_ROOT}/Manifest.lock\" > /dev/null\nif [ $? != 0 ] ; then\n    # print error to STDERR\n    echo \"error: The sandbox is not in sync with the Podfile.lock. Run 'pod install' or update your CocoaPods installation.\" >&2\n    exit 1\nfi\n# This output is used by Xcode 'outputs' to avoid re-running this script phase.\necho \"SUCCESS\" > \"${SCRIPT_OUTPUT_FILE_0}\"\n";
			showEnvVarsInLog = 0;
		};
/* End PBXShellScriptBuildPhase section */

/* Begin PBXSourcesBuildPhase section */
		A511C1D023B5614900B9A771 /* Sources */ = {
			isa = PBXSourcesBuildPhase;
			buildActionMask = 2147483647;
			files = (
				A511C1D823B5614900B9A771 /* AppDelegate.swift in Sources */,
				A5D6D8CF23B8005F00F16E27 /* FirebaseAuthManager.swift in Sources */,
				A5D6D8CD23B69F4E00F16E27 /* AccountCreationVC.swift in Sources */,
				A511C1DA23B5614900B9A771 /* SceneDelegate.swift in Sources */,
				A511C1DC23B5614900B9A771 /* MasterViewController.swift in Sources */,
				A511C20D23B564CE00B9A771 /* Client.swift in Sources */,
				A511C1DE23B5614900B9A771 /* DetailViewController.swift in Sources */,
			);
			runOnlyForDeploymentPostprocessing = 0;
		};
		A511C1E823B5614E00B9A771 /* Sources */ = {
			isa = PBXSourcesBuildPhase;
			buildActionMask = 2147483647;
			files = (
				A511C1F123B5614E00B9A771 /* TrileTests.swift in Sources */,
			);
			runOnlyForDeploymentPostprocessing = 0;
		};
		A511C1F323B5614E00B9A771 /* Sources */ = {
			isa = PBXSourcesBuildPhase;
			buildActionMask = 2147483647;
			files = (
				A511C1FC23B5614E00B9A771 /* TrileUITests.swift in Sources */,
			);
			runOnlyForDeploymentPostprocessing = 0;
		};
/* End PBXSourcesBuildPhase section */

/* Begin PBXTargetDependency section */
		A511C1EE23B5614E00B9A771 /* PBXTargetDependency */ = {
			isa = PBXTargetDependency;
			target = A511C1D323B5614900B9A771 /* Trile */;
			targetProxy = A511C1ED23B5614E00B9A771 /* PBXContainerItemProxy */;
		};
		A511C1F923B5614E00B9A771 /* PBXTargetDependency */ = {
			isa = PBXTargetDependency;
			target = A511C1D323B5614900B9A771 /* Trile */;
			targetProxy = A511C1F823B5614E00B9A771 /* PBXContainerItemProxy */;
		};
/* End PBXTargetDependency section */

/* Begin PBXVariantGroup section */
		A511C1DF23B5614900B9A771 /* Main.storyboard */ = {
			isa = PBXVariantGroup;
			children = (
				A511C1E023B5614900B9A771 /* Base */,
			);
			name = Main.storyboard;
			sourceTree = "<group>";
		};
		A511C1E423B5614E00B9A771 /* LaunchScreen.storyboard */ = {
			isa = PBXVariantGroup;
			children = (
				A511C1E523B5614E00B9A771 /* Base */,
			);
			name = LaunchScreen.storyboard;
			sourceTree = "<group>";
		};
/* End PBXVariantGroup section */

/* Begin XCBuildConfiguration section */
		A511C1FE23B5614E00B9A771 /* Debug */ = {
			isa = XCBuildConfiguration;
			buildSettings = {
				ALWAYS_SEARCH_USER_PATHS = NO;
				CLANG_ANALYZER_NONNULL = YES;
				CLANG_ANALYZER_NUMBER_OBJECT_CONVERSION = YES_AGGRESSIVE;
				CLANG_CXX_LANGUAGE_STANDARD = "gnu++14";
				CLANG_CXX_LIBRARY = "libc++";
				CLANG_ENABLE_MODULES = YES;
				CLANG_ENABLE_OBJC_ARC = YES;
				CLANG_ENABLE_OBJC_WEAK = YES;
				CLANG_WARN_BLOCK_CAPTURE_AUTORELEASING = YES;
				CLANG_WARN_BOOL_CONVERSION = YES;
				CLANG_WARN_COMMA = YES;
				CLANG_WARN_CONSTANT_CONVERSION = YES;
				CLANG_WARN_DEPRECATED_OBJC_IMPLEMENTATIONS = YES;
				CLANG_WARN_DIRECT_OBJC_ISA_USAGE = YES_ERROR;
				CLANG_WARN_DOCUMENTATION_COMMENTS = YES;
				CLANG_WARN_EMPTY_BODY = YES;
				CLANG_WARN_ENUM_CONVERSION = YES;
				CLANG_WARN_INFINITE_RECURSION = YES;
				CLANG_WARN_INT_CONVERSION = YES;
				CLANG_WARN_NON_LITERAL_NULL_CONVERSION = YES;
				CLANG_WARN_OBJC_IMPLICIT_RETAIN_SELF = YES;
				CLANG_WARN_OBJC_LITERAL_CONVERSION = YES;
				CLANG_WARN_OBJC_ROOT_CLASS = YES_ERROR;
				CLANG_WARN_RANGE_LOOP_ANALYSIS = YES;
				CLANG_WARN_STRICT_PROTOTYPES = YES;
				CLANG_WARN_SUSPICIOUS_MOVE = YES;
				CLANG_WARN_UNGUARDED_AVAILABILITY = YES_AGGRESSIVE;
				CLANG_WARN_UNREACHABLE_CODE = YES;
				CLANG_WARN__DUPLICATE_METHOD_MATCH = YES;
				COPY_PHASE_STRIP = NO;
				DEBUG_INFORMATION_FORMAT = dwarf;
				ENABLE_STRICT_OBJC_MSGSEND = YES;
				ENABLE_TESTABILITY = YES;
				GCC_C_LANGUAGE_STANDARD = gnu11;
				GCC_DYNAMIC_NO_PIC = NO;
				GCC_NO_COMMON_BLOCKS = YES;
				GCC_OPTIMIZATION_LEVEL = 0;
				GCC_PREPROCESSOR_DEFINITIONS = (
					"DEBUG=1",
					"$(inherited)",
				);
				GCC_WARN_64_TO_32_BIT_CONVERSION = YES;
				GCC_WARN_ABOUT_RETURN_TYPE = YES_ERROR;
				GCC_WARN_UNDECLARED_SELECTOR = YES;
				GCC_WARN_UNINITIALIZED_AUTOS = YES_AGGRESSIVE;
				GCC_WARN_UNUSED_FUNCTION = YES;
				GCC_WARN_UNUSED_VARIABLE = YES;
				IPHONEOS_DEPLOYMENT_TARGET = 13.2;
				MTL_ENABLE_DEBUG_INFO = INCLUDE_SOURCE;
				MTL_FAST_MATH = YES;
				ONLY_ACTIVE_ARCH = YES;
				SDKROOT = iphoneos;
				SWIFT_ACTIVE_COMPILATION_CONDITIONS = DEBUG;
				SWIFT_OPTIMIZATION_LEVEL = "-Onone";
			};
			name = Debug;
		};
		A511C1FF23B5614E00B9A771 /* Release */ = {
			isa = XCBuildConfiguration;
			buildSettings = {
				ALWAYS_SEARCH_USER_PATHS = NO;
				CLANG_ANALYZER_NONNULL = YES;
				CLANG_ANALYZER_NUMBER_OBJECT_CONVERSION = YES_AGGRESSIVE;
				CLANG_CXX_LANGUAGE_STANDARD = "gnu++14";
				CLANG_CXX_LIBRARY = "libc++";
				CLANG_ENABLE_MODULES = YES;
				CLANG_ENABLE_OBJC_ARC = YES;
				CLANG_ENABLE_OBJC_WEAK = YES;
				CLANG_WARN_BLOCK_CAPTURE_AUTORELEASING = YES;
				CLANG_WARN_BOOL_CONVERSION = YES;
				CLANG_WARN_COMMA = YES;
				CLANG_WARN_CONSTANT_CONVERSION = YES;
				CLANG_WARN_DEPRECATED_OBJC_IMPLEMENTATIONS = YES;
				CLANG_WARN_DIRECT_OBJC_ISA_USAGE = YES_ERROR;
				CLANG_WARN_DOCUMENTATION_COMMENTS = YES;
				CLANG_WARN_EMPTY_BODY = YES;
				CLANG_WARN_ENUM_CONVERSION = YES;
				CLANG_WARN_INFINITE_RECURSION = YES;
				CLANG_WARN_INT_CONVERSION = YES;
				CLANG_WARN_NON_LITERAL_NULL_CONVERSION = YES;
				CLANG_WARN_OBJC_IMPLICIT_RETAIN_SELF = YES;
				CLANG_WARN_OBJC_LITERAL_CONVERSION = YES;
				CLANG_WARN_OBJC_ROOT_CLASS = YES_ERROR;
				CLANG_WARN_RANGE_LOOP_ANALYSIS = YES;
				CLANG_WARN_STRICT_PROTOTYPES = YES;
				CLANG_WARN_SUSPICIOUS_MOVE = YES;
				CLANG_WARN_UNGUARDED_AVAILABILITY = YES_AGGRESSIVE;
				CLANG_WARN_UNREACHABLE_CODE = YES;
				CLANG_WARN__DUPLICATE_METHOD_MATCH = YES;
				COPY_PHASE_STRIP = NO;
				DEBUG_INFORMATION_FORMAT = "dwarf-with-dsym";
				ENABLE_NS_ASSERTIONS = NO;
				ENABLE_STRICT_OBJC_MSGSEND = YES;
				GCC_C_LANGUAGE_STANDARD = gnu11;
				GCC_NO_COMMON_BLOCKS = YES;
				GCC_WARN_64_TO_32_BIT_CONVERSION = YES;
				GCC_WARN_ABOUT_RETURN_TYPE = YES_ERROR;
				GCC_WARN_UNDECLARED_SELECTOR = YES;
				GCC_WARN_UNINITIALIZED_AUTOS = YES_AGGRESSIVE;
				GCC_WARN_UNUSED_FUNCTION = YES;
				GCC_WARN_UNUSED_VARIABLE = YES;
				IPHONEOS_DEPLOYMENT_TARGET = 13.2;
				MTL_ENABLE_DEBUG_INFO = NO;
				MTL_FAST_MATH = YES;
				SDKROOT = iphoneos;
				SWIFT_COMPILATION_MODE = wholemodule;
				SWIFT_OPTIMIZATION_LEVEL = "-O";
				VALIDATE_PRODUCT = YES;
			};
			name = Release;
		};
		A511C20123B5614E00B9A771 /* Debug */ = {
			isa = XCBuildConfiguration;
			baseConfigurationReference = 76C1D35EF168B403F613D6CF /* Pods-Trile.debug.xcconfig */;
			buildSettings = {
				ASSETCATALOG_COMPILER_APPICON_NAME = AppIcon;
				CODE_SIGN_STYLE = Automatic;
				DEVELOPMENT_TEAM = ULD22A2WJA;
				INFOPLIST_FILE = Trile/Info.plist;
				LD_RUNPATH_SEARCH_PATHS = (
					"$(inherited)",
					"@executable_path/Frameworks",
				);
				PRODUCT_BUNDLE_IDENTIFIER = com.trile.Trile;
				PRODUCT_NAME = "$(TARGET_NAME)";
				SWIFT_VERSION = 5.0;
				TARGETED_DEVICE_FAMILY = "1,2";
			};
			name = Debug;
		};
		A511C20223B5614E00B9A771 /* Release */ = {
			isa = XCBuildConfiguration;
			baseConfigurationReference = 31A8FB3DE7473EF11030635F /* Pods-Trile.release.xcconfig */;
			buildSettings = {
				ASSETCATALOG_COMPILER_APPICON_NAME = AppIcon;
				CODE_SIGN_STYLE = Automatic;
				DEVELOPMENT_TEAM = ULD22A2WJA;
				INFOPLIST_FILE = Trile/Info.plist;
				LD_RUNPATH_SEARCH_PATHS = (
					"$(inherited)",
					"@executable_path/Frameworks",
				);
				PRODUCT_BUNDLE_IDENTIFIER = com.trile.Trile;
				PRODUCT_NAME = "$(TARGET_NAME)";
				SWIFT_VERSION = 5.0;
				TARGETED_DEVICE_FAMILY = "1,2";
			};
			name = Release;
		};
		A511C20423B5614E00B9A771 /* Debug */ = {
			isa = XCBuildConfiguration;
			baseConfigurationReference = BB59C60271A690FA7A90CA59 /* Pods-TrileTests.debug.xcconfig */;
			buildSettings = {
				ALWAYS_EMBED_SWIFT_STANDARD_LIBRARIES = YES;
				BUNDLE_LOADER = "$(TEST_HOST)";
				CODE_SIGN_STYLE = Automatic;
				DEVELOPMENT_TEAM = R834XYWGJT;
				INFOPLIST_FILE = TrileTests/Info.plist;
				IPHONEOS_DEPLOYMENT_TARGET = 13.2;
				LD_RUNPATH_SEARCH_PATHS = (
					"$(inherited)",
					"@executable_path/Frameworks",
					"@loader_path/Frameworks",
				);
				PRODUCT_BUNDLE_IDENTIFIER = trile.TrileTests;
				PRODUCT_NAME = "$(TARGET_NAME)";
				SWIFT_VERSION = 5.0;
				TARGETED_DEVICE_FAMILY = "1,2";
				TEST_HOST = "$(BUILT_PRODUCTS_DIR)/Trile.app/Trile";
			};
			name = Debug;
		};
		A511C20523B5614E00B9A771 /* Release */ = {
			isa = XCBuildConfiguration;
			baseConfigurationReference = 05821E60F045E845C4009567 /* Pods-TrileTests.release.xcconfig */;
			buildSettings = {
				ALWAYS_EMBED_SWIFT_STANDARD_LIBRARIES = YES;
				BUNDLE_LOADER = "$(TEST_HOST)";
				CODE_SIGN_STYLE = Automatic;
				DEVELOPMENT_TEAM = R834XYWGJT;
				INFOPLIST_FILE = TrileTests/Info.plist;
				IPHONEOS_DEPLOYMENT_TARGET = 13.2;
				LD_RUNPATH_SEARCH_PATHS = (
					"$(inherited)",
					"@executable_path/Frameworks",
					"@loader_path/Frameworks",
				);
				PRODUCT_BUNDLE_IDENTIFIER = trile.TrileTests;
				PRODUCT_NAME = "$(TARGET_NAME)";
				SWIFT_VERSION = 5.0;
				TARGETED_DEVICE_FAMILY = "1,2";
				TEST_HOST = "$(BUILT_PRODUCTS_DIR)/Trile.app/Trile";
			};
			name = Release;
		};
		A511C20723B5614E00B9A771 /* Debug */ = {
			isa = XCBuildConfiguration;
			baseConfigurationReference = 6FD74C6245EC0055BC0D1877 /* Pods-Trile-TrileUITests.debug.xcconfig */;
			buildSettings = {
				ALWAYS_EMBED_SWIFT_STANDARD_LIBRARIES = YES;
				CODE_SIGN_STYLE = Automatic;
				DEVELOPMENT_TEAM = R834XYWGJT;
				INFOPLIST_FILE = TrileUITests/Info.plist;
				LD_RUNPATH_SEARCH_PATHS = (
					"$(inherited)",
					"@executable_path/Frameworks",
					"@loader_path/Frameworks",
				);
				PRODUCT_BUNDLE_IDENTIFIER = trile.TrileUITests;
				PRODUCT_NAME = "$(TARGET_NAME)";
				SWIFT_VERSION = 5.0;
				TARGETED_DEVICE_FAMILY = "1,2";
				TEST_TARGET_NAME = Trile;
			};
			name = Debug;
		};
		A511C20823B5614E00B9A771 /* Release */ = {
			isa = XCBuildConfiguration;
			baseConfigurationReference = 96E0535439E313AC71298BED /* Pods-Trile-TrileUITests.release.xcconfig */;
			buildSettings = {
				ALWAYS_EMBED_SWIFT_STANDARD_LIBRARIES = YES;
				CODE_SIGN_STYLE = Automatic;
				DEVELOPMENT_TEAM = R834XYWGJT;
				INFOPLIST_FILE = TrileUITests/Info.plist;
				LD_RUNPATH_SEARCH_PATHS = (
					"$(inherited)",
					"@executable_path/Frameworks",
					"@loader_path/Frameworks",
				);
				PRODUCT_BUNDLE_IDENTIFIER = trile.TrileUITests;
				PRODUCT_NAME = "$(TARGET_NAME)";
				SWIFT_VERSION = 5.0;
				TARGETED_DEVICE_FAMILY = "1,2";
				TEST_TARGET_NAME = Trile;
			};
			name = Release;
		};
/* End XCBuildConfiguration section */

/* Begin XCConfigurationList section */
		A511C1CF23B5614900B9A771 /* Build configuration list for PBXProject "Trile" */ = {
			isa = XCConfigurationList;
			buildConfigurations = (
				A511C1FE23B5614E00B9A771 /* Debug */,
				A511C1FF23B5614E00B9A771 /* Release */,
			);
			defaultConfigurationIsVisible = 0;
			defaultConfigurationName = Release;
		};
		A511C20023B5614E00B9A771 /* Build configuration list for PBXNativeTarget "Trile" */ = {
			isa = XCConfigurationList;
			buildConfigurations = (
				A511C20123B5614E00B9A771 /* Debug */,
				A511C20223B5614E00B9A771 /* Release */,
			);
			defaultConfigurationIsVisible = 0;
			defaultConfigurationName = Release;
		};
		A511C20323B5614E00B9A771 /* Build configuration list for PBXNativeTarget "TrileTests" */ = {
			isa = XCConfigurationList;
			buildConfigurations = (
				A511C20423B5614E00B9A771 /* Debug */,
				A511C20523B5614E00B9A771 /* Release */,
			);
			defaultConfigurationIsVisible = 0;
			defaultConfigurationName = Release;
		};
		A511C20623B5614E00B9A771 /* Build configuration list for PBXNativeTarget "TrileUITests" */ = {
			isa = XCConfigurationList;
			buildConfigurations = (
				A511C20723B5614E00B9A771 /* Debug */,
				A511C20823B5614E00B9A771 /* Release */,
			);
			defaultConfigurationIsVisible = 0;
			defaultConfigurationName = Release;
		};
/* End XCConfigurationList section */
	};
	rootObject = A511C1CC23B5614900B9A771 /* Project object */;
}
